
Microsoft Visual Studio Solution File, Format Version 12.00
# Visual Studio 15
Project("{FAE04EC0-301F-11D3-BF4B-00C04F79EFBC}") = "Assembly-CSharp", "Assembly-CSharp.csproj", "{C6360399-9D4B-87AF-5AD4-193725D671E9}"
EndProject
Project("{FAE04EC0-301F-11D3-BF4B-00C04F79EFBC}") = "Assembly-CSharp-Editor", "Assembly-CSharp-Editor.csproj", "{4182F67C-C363-2227-283A-D32B079AEAB0}"
EndProject
Global
	GlobalSection(SolutionConfigurationPlatforms) = preSolution
		Debug|Any CPU = Debug|Any CPU
		Release|Any CPU = Release|Any CPU
	EndGlobalSection
	GlobalSection(ProjectConfigurationPlatforms) = postSolution
		{C6360399-9D4B-87AF-5AD4-193725D671E9}.Debug|Any CPU.ActiveCfg = Debug|Any CPU
		{C6360399-9D4B-87AF-5AD4-193725D671E9}.Debug|Any CPU.Build.0 = Debug|Any CPU
		{C6360399-9D4B-87AF-5AD4-193725D671E9}.Release|Any CPU.ActiveCfg = Release|Any CPU
		{C6360399-9D4B-87AF-5AD4-193725D671E9}.Release|Any CPU.Build.0 = Release|Any CPU
		{4182F67C-C363-2227-283A-D32B079AEAB0}.Debug|Any CPU.ActiveCfg = Debug|Any CPU
		{4182F67C-C363-2227-283A-D32B079AEAB0}.Debug|Any CPU.Build.0 = Debug|Any CPU
		{4182F67C-C363-2227-283A-D32B079AEAB0}.Release|Any CPU.ActiveCfg = Release|Any CPU
		{4182F67C-C363-2227-283A-D32B079AEAB0}.Release|Any CPU.Build.0 = Release|Any CPU
	EndGlobalSection
	GlobalSection(SolutionProperties) = preSolution
		HideSolutionNode = FALSE
	EndGlobalSection
EndGlobal
